{
  "nodes": {
    "flake-utils": {
      "locked": {
        "lastModified": 1598466101,
        "narHash": "sha256-JPhv+Ay98KMWRVRFlLEK9+eLpvNjhTBGWdFKZsE97ck=",
        "owner": "numtide",
        "repo": "flake-utils",
        "rev": "a586a6b966d59f53f45a04f8891fbc017dc09dbe",
        "type": "github"
      },
      "original": {
        "owner": "numtide",
        "repo": "flake-utils",
        "type": "github"
      }
    },
    "hardware": {
      "locked": {
        "lastModified": 1617608389,
        "narHash": "sha256-Dom5AICRbxorNjaP+7to8rSJ5+8I52UwaJu9M1GkO10=",
        "owner": "NixOS",
        "repo": "nixos-hardware",
        "rev": "085790185c3e8a7dd6c2f456eaf15ffcc66b0ac9",
        "type": "github"
      },
      "original": {
        "owner": "NixOS",
        "ref": "master",
        "repo": "nixos-hardware",
        "type": "github"
      }
    },
    "home": {
      "inputs": {
        "nixpkgs": [
          "stable"
        ]
      },
      "locked": {
        "lastModified": 1617493660,
        "narHash": "sha256-PnPSs6RkkI2M6GyB2iGsL6hgDTe01yk5ZGP9q/Q14M8=",
        "owner": "nix-community",
        "repo": "home-manager",
        "rev": "25a6a6d2984e70c9a07c8f8a69ebe24e6c700abf",
        "type": "github"
      },
      "original": {
        "owner": "nix-community",
        "repo": "home-manager",
        "type": "github"
      }
    },
    "manix": {
      "inputs": {
        "flake-utils": "flake-utils",
        "nixpkgs": "nixpkgs"
      },
      "locked": {
        "lastModified": 1603073926,
        "narHash": "sha256-WoHmoOb9yFUdNXUC2vK7IItmnZcz8P9x8nCgPCajXOo=",
        "owner": "mlvzk",
        "repo": "manix",
        "rev": "7e905be2c72ac0795ff8b5d919683f426186c057",
        "type": "github"
      },
      "original": {
        "owner": "mlvzk",
        "repo": "manix",
        "type": "github"
      }
    },
    "master": {
      "locked": {
        "lastModified": 1617612374,
        "narHash": "sha256-wy0D4XNJSbgC10Ly7HBYxVpYs3+Y4ScziIzu2g7TxBc=",
        "owner": "NixOS",
        "repo": "nixpkgs",
        "rev": "7a772a476dc85ccadc05b1169569deef8c5639c2",
        "type": "github"
      },
      "original": {
        "id": "nixpkgs",
        "ref": "master",
        "type": "indirect"
      }
    },
    "nixpkgs": {
      "locked": {
        "lastModified": 1599050737,
        "narHash": "sha256-jxUhBQ49DYMnL17SrPNGTEp+Wb5Pj89CxW8OLwnXl1g=",
        "owner": "NixOS",
        "repo": "nixpkgs",
        "rev": "18348c7829ae93ebe436497ca7ad96cdb8d39935",
        "type": "github"
      },
      "original": {
        "owner": "NixOS",
        "repo": "nixpkgs",
        "type": "github"
      }
    },
    "nur": {
      "inputs": {
        "nixpkgs": [
          "stable"
        ]
      },
      "locked": {
        "lastModified": 1598132767,
        "narHash": "sha256-PdmA5ubVNvbeL6NOLwrvTquw29JoXmhFrAaNAQgX3IY=",
        "owner": "ImExtends",
        "repo": "NUR",
        "rev": "24a001d7789ec53db33393e90b3ea1ab1535a9e0",
        "type": "github"
      },
      "original": {
        "owner": "ImExtends",
        "repo": "NUR",
        "type": "github"
      }
    },
    "root": {
      "inputs": {
        "hardware": "hardware",
        "home": "home",
        "manix": "manix",
        "master": "master",
        "nur": "nur",
        "stable": "stable",
        "unstable": "unstable"
      }
    },
    "stable": {
      "locked": {
        "lastModified": 1617542311,
        "narHash": "sha256-YbYqpUA8EChwUaUSj8wIukv9ieFQdUnSSm5RypghNBA=",
        "owner": "NixOS",
        "repo": "nixpkgs",
        "rev": "91b77fe6942fe999b1efbe906dc98024d1917c0d",
        "type": "github"
      },
      "original": {
        "id": "nixpkgs",
        "ref": "nixos-20.09",
        "type": "indirect"
      }
    },
    "unstable": {
      "locked": {
        "lastModified": 1617325113,
        "narHash": "sha256-GksR0nvGxfZ79T91UUtWjjccxazv6Yh/MvEJ82v1Xmw=",
        "owner": "NixOS",
        "repo": "nixpkgs",
        "rev": "54c1e44240d8a527a8f4892608c4bce5440c3ecb",
        "type": "github"
      },
      "original": {
        "id": "nixpkgs",
        "ref": "nixpkgs-unstable",
        "type": "indirect"
      }
    }
  },
  "root": "root",
  "version": 7
}
