{
  "nodes": {
    "flake-utils": {
      "locked": {
        "lastModified": 1598466101,
        "narHash": "sha256-JPhv+Ay98KMWRVRFlLEK9+eLpvNjhTBGWdFKZsE97ck=",
        "owner": "numtide",
        "repo": "flake-utils",
        "rev": "a586a6b966d59f53f45a04f8891fbc017dc09dbe",
        "type": "github"
      },
      "original": {
        "owner": "numtide",
        "repo": "flake-utils",
        "type": "github"
      }
    },
    "hardware": {
      "locked": {
        "lastModified": 1620983891,
        "narHash": "sha256-E2OKVgGo/cUqDsrIeYGVx64b4cxgzd7+bX33NHL0rbA=",
        "owner": "NixOS",
        "repo": "nixos-hardware",
        "rev": "c4399b921fa7ff5f93ee10b3521b56b722ed74d8",
        "type": "github"
      },
      "original": {
        "owner": "NixOS",
        "ref": "master",
        "repo": "nixos-hardware",
        "type": "github"
      }
    },
    "home": {
      "inputs": {
        "nixpkgs": [
          "stable"
        ]
      },
      "locked": {
        "lastModified": 1621794721,
        "narHash": "sha256-JXfTSZUu9EVbT9D/MFsx0cXfa8bw1NFCzIxZ7gO73Uo=",
        "owner": "nix-community",
        "repo": "home-manager",
        "rev": "90493027e33ba9eb3f50dc1da365d0e4ca31bf14",
        "type": "github"
      },
      "original": {
        "owner": "nix-community",
        "repo": "home-manager",
        "type": "github"
      }
    },
    "manix": {
      "inputs": {
        "flake-utils": "flake-utils",
        "nixpkgs": "nixpkgs"
      },
      "locked": {
        "lastModified": 1618876028,
        "narHash": "sha256-GqPuYscLhkR5E2HnSFV4R48hCWvtM3C++3zlJhiK/aw=",
        "owner": "mlvzk",
        "repo": "manix",
        "rev": "d08e7ca185445b929f097f8bfb1243a8ef3e10e4",
        "type": "github"
      },
      "original": {
        "owner": "mlvzk",
        "repo": "manix",
        "type": "github"
      }
    },
    "master": {
      "locked": {
        "lastModified": 1621954302,
        "narHash": "sha256-PWPZMQU6gC0USL0vooZNAf+M8K/niGUh0bf8EBG3XiM=",
        "owner": "NixOS",
        "repo": "nixpkgs",
        "rev": "5997f0dcd997adbbbc091a1271bdea38fb0ea44a",
        "type": "github"
      },
      "original": {
        "id": "nixpkgs",
        "ref": "master",
        "type": "indirect"
      }
    },
    "nixpkgs": {
      "locked": {
        "lastModified": 1599050737,
        "narHash": "sha256-jxUhBQ49DYMnL17SrPNGTEp+Wb5Pj89CxW8OLwnXl1g=",
        "owner": "NixOS",
        "repo": "nixpkgs",
        "rev": "18348c7829ae93ebe436497ca7ad96cdb8d39935",
        "type": "github"
      },
      "original": {
        "owner": "NixOS",
        "repo": "nixpkgs",
        "type": "github"
      }
    },
    "nur": {
      "inputs": {
        "nixpkgs": [
          "stable"
        ]
      },
      "locked": {
        "lastModified": 1598132767,
        "narHash": "sha256-PdmA5ubVNvbeL6NOLwrvTquw29JoXmhFrAaNAQgX3IY=",
        "owner": "ImExtends",
        "repo": "NUR",
        "rev": "24a001d7789ec53db33393e90b3ea1ab1535a9e0",
        "type": "github"
      },
      "original": {
        "owner": "ImExtends",
        "repo": "NUR",
        "type": "github"
      }
    },
    "root": {
      "inputs": {
        "hardware": "hardware",
        "home": "home",
        "manix": "manix",
        "master": "master",
        "nur": "nur",
        "stable": "stable",
        "unstable": "unstable"
      }
    },
    "stable": {
      "locked": {
        "lastModified": 1621718065,
        "narHash": "sha256-2xw+iyUzV3blVq0EQjL2Qhzpp3r9uCLzYQns4nW7m7Y=",
        "owner": "NixOS",
        "repo": "nixpkgs",
        "rev": "ac60476ed94fd5424d9f3410c438825f793a8cbb",
        "type": "github"
      },
      "original": {
        "id": "nixpkgs",
        "ref": "nixos-20.09",
        "type": "indirect"
      }
    },
    "unstable": {
      "locked": {
        "lastModified": 1621714816,
        "narHash": "sha256-u6Rhw+1uwaTXThZWuySv9JPXzNuKI9Fmj36g4kb2Ojc=",
        "owner": "NixOS",
        "repo": "nixpkgs",
        "rev": "278bcdce1f0da616661a6205161b13bd89a2f3bf",
        "type": "github"
      },
      "original": {
        "id": "nixpkgs",
        "ref": "nixpkgs-unstable",
        "type": "indirect"
      }
    }
  },
  "root": "root",
  "version": 7
}
